// !$*UTF8*$!
{
	archiveVersion = 1;
	classes = {
	};
	objectVersion = 48;
	objects = {

/* Begin PBXBuildFile section */
		1861EBE71FA7AF8200960DA8 /* AppDelegate.swift in Sources */ = {isa = PBXBuildFile; fileRef = 1861EBE61FA7AF8200960DA8 /* AppDelegate.swift */; };
		1861EBE91FA7AF8200960DA8 /* ViewController.swift in Sources */ = {isa = PBXBuildFile; fileRef = 1861EBE81FA7AF8200960DA8 /* ViewController.swift */; };
		1861EBEC1FA7AF8200960DA8 /* Main.storyboard in Resources */ = {isa = PBXBuildFile; fileRef = 1861EBEA1FA7AF8200960DA8 /* Main.storyboard */; };
		1861EBEE1FA7AF8200960DA8 /* Assets.xcassets in Resources */ = {isa = PBXBuildFile; fileRef = 1861EBED1FA7AF8200960DA8 /* Assets.xcassets */; };
		1861EBF11FA7AF8200960DA8 /* LaunchScreen.storyboard in Resources */ = {isa = PBXBuildFile; fileRef = 1861EBEF1FA7AF8200960DA8 /* LaunchScreen.storyboard */; };
		18F8E20B1FA7B447001B96CB /* ItemCell.swift in Sources */ = {isa = PBXBuildFile; fileRef = 18F8E20A1FA7B447001B96CB /* ItemCell.swift */; };
/* End PBXBuildFile section */

/* Begin PBXFileReference section */
		1861EBE31FA7AF8100960DA8 /* Ikea.app */ = {isa = PBXFileReference; explicitFileType = wrapper.application; includeInIndex = 0; path = Ikea.app; sourceTree = BUILT_PRODUCTS_DIR; };
		1861EBE61FA7AF8200960DA8 /* AppDelegate.swift */ = {isa = PBXFileReference; lastKnownFileType = sourcecode.swift; path = AppDelegate.swift; sourceTree = "<group>"; };
		1861EBE81FA7AF8200960DA8 /* ViewController.swift */ = {isa = PBXFileReference; lastKnownFileType = sourcecode.swift; path = ViewController.swift; sourceTree = "<group>"; };
		1861EBEB1FA7AF8200960DA8 /* Base */ = {isa = PBXFileReference; lastKnownFileType = file.storyboard; name = Base; path = Base.lproj/Main.storyboard; sourceTree = "<group>"; };
		1861EBED1FA7AF8200960DA8 /* Assets.xcassets */ = {isa = PBXFileReference; lastKnownFileType = folder.assetcatalog; path = Assets.xcassets; sourceTree = "<group>"; };
		1861EBF01FA7AF8200960DA8 /* Base */ = {isa = PBXFileReference; lastKnownFileType = file.storyboard; name = Base; path = Base.lproj/LaunchScreen.storyboard; sourceTree = "<group>"; };
		1861EBF21FA7AF8200960DA8 /* Info.plist */ = {isa = PBXFileReference; lastKnownFileType = text.plist.xml; path = Info.plist; sourceTree = "<group>"; };
		18F8E20A1FA7B447001B96CB /* ItemCell.swift */ = {isa = PBXFileReference; lastKnownFileType = sourcecode.swift; path = ItemCell.swift; sourceTree = "<group>"; };
		18F8E20D1FA7BF3A001B96CB /* Model.scnassets */ = {isa = PBXFileReference; lastKnownFileType = wrapper.scnassets; path = Model.scnassets; sourceTree = "<group>"; };
/* End PBXFileReference section */

/* Begin PBXFrameworksBuildPhase section */
		1861EBE01FA7AF8100960DA8 /* Frameworks */ = {
			isa = PBXFrameworksBuildPhase;
			buildActionMask = 2147483647;
			files = (
			);
			runOnlyForDeploymentPostprocessing = 0;
		};
/* End PBXFrameworksBuildPhase section */

/* Begin PBXGroup section */
		1861EBDA1FA7AF8100960DA8 = {
			isa = PBXGroup;
			children = (
				1861EBE51FA7AF8100960DA8 /* Ikea */,
				1861EBE41FA7AF8100960DA8 /* Products */,
			);
			sourceTree = "<group>";
		};
		1861EBE41FA7AF8100960DA8 /* Products */ = {
			isa = PBXGroup;
			children = (
				1861EBE31FA7AF8100960DA8 /* Ikea.app */,
			);
			name = Products;
			sourceTree = "<group>";
		};
		1861EBE51FA7AF8100960DA8 /* Ikea */ = {
			isa = PBXGroup;
			children = (
				1861EBE61FA7AF8200960DA8 /* AppDelegate.swift */,
				1861EBE81FA7AF8200960DA8 /* ViewController.swift */,
				18F8E20A1FA7B447001B96CB /* ItemCell.swift */,
				1861EBEA1FA7AF8200960DA8 /* Main.storyboard */,
				18F8E20D1FA7BF3A001B96CB /* Model.scnassets */,
				1861EBED1FA7AF8200960DA8 /* Assets.xcassets */,
				1861EBEF1FA7AF8200960DA8 /* LaunchScreen.storyboard */,
				1861EBF21FA7AF8200960DA8 /* Info.plist */,
			);
			path = Ikea;
			sourceTree = "<group>";
		};
/* End PBXGroup section */

/* Begin PBXNativeTarget section */
		1861EBE21FA7AF8100960DA8 /* Ikea */ = {
			isa = PBXNativeTarget;
			buildConfigurationList = 1861EBF51FA7AF8200960DA8 /* Build configuration list for PBXNativeTarget "Ikea" */;
			buildPhases = (
				1861EBDF1FA7AF8100960DA8 /* Sources */,
				1861EBE01FA7AF8100960DA8 /* Frameworks */,
				1861EBE11FA7AF8100960DA8 /* Resources */,
			);
			buildRules = (
			);
			dependencies = (
			);
			name = Ikea;
			productName = Ikea;
			productReference = 1861EBE31FA7AF8100960DA8 /* Ikea.app */;
			productType = "com.apple.product-type.application";
		};
/* End PBXNativeTarget section */

/* Begin PBXProject section */
		1861EBDB1FA7AF8100960DA8 /* Project object */ = {
			isa = PBXProject;
			attributes = {
				LastSwiftUpdateCheck = 0900;
				LastUpgradeCheck = 0900;
				ORGANIZATIONNAME = "Tewodros Wondimu";
				TargetAttributes = {
					1861EBE21FA7AF8100960DA8 = {
						CreatedOnToolsVersion = 9.0;
						ProvisioningStyle = Automatic;
					};
				};
			};
			buildConfigurationList = 1861EBDE1FA7AF8100960DA8 /* Build configuration list for PBXProject "Ikea" */;
			compatibilityVersion = "Xcode 8.0";
			developmentRegion = en;
			hasScannedForEncodings = 0;
			knownRegions = (
				en,
				Base,
			);
			mainGroup = 1861EBDA1FA7AF8100960DA8;
			productRefGroup = 1861EBE41FA7AF8100960DA8 /* Products */;
			projectDirPath = "";
			projectRoot = "";
			targets = (
				1861EBE21FA7AF8100960DA8 /* Ikea */,
			);
		};
/* End PBXProject section */

/* Begin PBXResourcesBuildPhase section */
		1861EBE11FA7AF8100960DA8 /* Resources */ = {
			isa = PBXResourcesBuildPhase;
			buildActionMask = 2147483647;
			files = (
				1861EBF11FA7AF8200960DA8 /* LaunchScreen.storyboard in Resources */,
				1861EBEE1FA7AF8200960DA8 /* Assets.xcassets in Resources */,
				1861EBEC1FA7AF8200960DA8 /* Main.storyboard in Resources */,
			);
			runOnlyForDeploymentPostprocessing = 0;
		};
/* End PBXResourcesBuildPhase section */

/* Begin PBXSourcesBuildPhase section */
		1861EBDF1FA7AF8100960DA8 /* Sources */ = {
			isa = PBXSourcesBuildPhase;
			buildActionMask = 2147483647;
			files = (
				1861EBE91FA7AF8200960DA8 /* ViewController.swift in Sources */,
				1861EBE71FA7AF8200960DA8 /* AppDelegate.swift in Sources */,
				18F8E20B1FA7B447001B96CB /* ItemCell.swift in Sources */,
			);
			runOnlyForDeploymentPostprocessing = 0;
		};
/* End PBXSourcesBuildPhase section */

/* Begin PBXVariantGroup section */
		1861EBEA1FA7AF8200960DA8 /* Main.storyboard */ = {
			isa = PBXVariantGroup;
			children = (
				1861EBEB1FA7AF8200960DA8 /* Base */,
			);
			name = Main.storyboard;
			sourceTree = "<group>";
		};
		1861EBEF1FA7AF8200960DA8 /* LaunchScreen.storyboard */ = {
			isa = PBXVariantGroup;
			children = (
				1861EBF01FA7AF8200960DA8 /* Base */,
			);
			name = LaunchScreen.storyboard;
			sourceTree = "<group>";
		};
/* End PBXVariantGroup section */

/* Begin XCBuildConfiguration section */
		1861EBF31FA7AF8200960DA8 /* Debug */ = {
			isa = XCBuildConfiguration;
			buildSettings = {
				ALWAYS_SEARCH_USER_PATHS = NO;
				CLANG_ANALYZER_NONNULL = YES;
				CLANG_ANALYZER_NUMBER_OBJECT_CONVERSION = YES_AGGRESSIVE;
				CLANG_CXX_LANGUAGE_STANDARD = "gnu++14";
				CLANG_CXX_LIBRARY = "libc++";
				CLANG_ENABLE_MODULES = YES;
				CLANG_ENABLE_OBJC_ARC = YES;
				CLANG_WARN_BLOCK_CAPTURE_AUTORELEASING = YES;
				CLANG_WARN_BOOL_CONVERSION = YES;
				CLANG_WARN_COMMA = YES;
				CLANG_WARN_CONSTANT_CONVERSION = YES;
				CLANG_WARN_DIRECT_OBJC_ISA_USAGE = YES_ERROR;
				CLANG_WARN_DOCUMENTATION_COMMENTS = YES;
				CLANG_WARN_EMPTY_BODY = YES;
				CLANG_WARN_ENUM_CONVERSION = YES;
				CLANG_WARN_INFINITE_RECURSION = YES;
				CLANG_WARN_INT_CONVERSION = YES;
				CLANG_WARN_NON_LITERAL_NULL_CONVERSION = YES;
				CLANG_WARN_OBJC_LITERAL_CONVERSION = YES;
				CLANG_WARN_OBJC_ROOT_CLASS = YES_ERROR;
				CLANG_WARN_RANGE_LOOP_ANALYSIS = YES;
				CLANG_WARN_STRICT_PROTOTYPES = YES;
				CLANG_WARN_SUSPICIOUS_MOVE = YES;
				CLANG_WARN_UNGUARDED_AVAILABILITY = YES_AGGRESSIVE;
				CLANG_WARN_UNREACHABLE_CODE = YES;
				CLANG_WARN__DUPLICATE_METHOD_MATCH = YES;
				CODE_SIGN_IDENTITY = "iPhone Developer";
				COPY_PHASE_STRIP = NO;
				DEBUG_INFORMATION_FORMAT = dwarf;
				ENABLE_STRICT_OBJC_MSGSEND = YES;
				ENABLE_TESTABILITY = YES;
				GCC_C_LANGUAGE_STANDARD = gnu11;
				GCC_DYNAMIC_NO_PIC = NO;
				GCC_NO_COMMON_BLOCKS = YES;
				GCC_OPTIMIZATION_LEVEL = 0;
				GCC_PREPROCESSOR_DEFINITIONS = (
					"DEBUG=1",
					"$(inherited)",
				);
				GCC_WARN_64_TO_32_BIT_CONVERSION = YES;
				GCC_WARN_ABOUT_RETURN_TYPE = YES_ERROR;
				GCC_WARN_UNDECLARED_SELECTOR = YES;
				GCC_WARN_UNINITIALIZED_AUTOS = YES_AGGRESSIVE;
				GCC_WARN_UNUSED_FUNCTION = YES;
				GCC_WARN_UNUSED_VARIABLE = YES;
				IPHONEOS_DEPLOYMENT_TARGET = 11.0;
				MTL_ENABLE_DEBUG_INFO = YES;
				ONLY_ACTIVE_ARCH = YES;
				SDKROOT = iphoneos;
				SWIFT_ACTIVE_COMPILATION_CONDITIONS = DEBUG;
				SWIFT_OPTIMIZATION_LEVEL = "-Onone";
			};
			name = Debug;
		};
		1861EBF41FA7AF8200960DA8 /* Release */ = {
			isa = XCBuildConfiguration;
			buildSettings = {
				ALWAYS_SEARCH_USER_PATHS = NO;
				CLANG_ANALYZER_NONNULL = YES;
				CLANG_ANALYZER_NUMBER_OBJECT_CONVERSION = YES_AGGRESSIVE;
				CLANG_CXX_LANGUAGE_STANDARD = "gnu++14";
				CLANG_CXX_LIBRARY = "libc++";
				CLANG_ENABLE_MODULES = YES;
				CLANG_ENABLE_OBJC_ARC = YES;
				CLANG_WARN_BLOCK_CAPTURE_AUTORELEASING = YES;
				CLANG_WARN_BOOL_CONVERSION = YES;
				CLANG_WARN_COMMA = YES;
				CLANG_WARN_CONSTANT_CONVERSION = YES;
				CLANG_WARN_DIRECT_OBJC_ISA_USAGE = YES_ERROR;
				CLANG_WARN_DOCUMENTATION_COMMENTS = YES;
				CLANG_WARN_EMPTY_BODY = YES;
				CLANG_WARN_ENUM_CONVERSION = YES;
				CLANG_WARN_INFINITE_RECURSION = YES;
				CLANG_WARN_INT_CONVERSION = YES;
				CLANG_WARN_NON_LITERAL_NULL_CONVERSION = YES;
				CLANG_WARN_OBJC_LITERAL_CONVERSION = YES;
				CLANG_WARN_OBJC_ROOT_CLASS = YES_ERROR;
				CLANG_WARN_RANGE_LOOP_ANALYSIS = YES;
				CLANG_WARN_STRICT_PROTOTYPES = YES;
				CLANG_WARN_SUSPICIOUS_MOVE = YES;
				CLANG_WARN_UNGUARDED_AVAILABILITY = YES_AGGRESSIVE;
				CLANG_WARN_UNREACHABLE_CODE = YES;
				CLANG_WARN__DUPLICATE_METHOD_MATCH = YES;
				CODE_SIGN_IDENTITY = "iPhone Developer";
				COPY_PHASE_STRIP = NO;
				DEBUG_INFORMATION_FORMAT = "dwarf-with-dsym";
				ENABLE_NS_ASSERTIONS = NO;
				ENABLE_STRICT_OBJC_MSGSEND = YES;
				GCC_C_LANGUAGE_STANDARD = gnu11;
				GCC_NO_COMMON_BLOCKS = YES;
				GCC_WARN_64_TO_32_BIT_CONVERSION = YES;
				GCC_WARN_ABOUT_RETURN_TYPE = YES_ERROR;
				GCC_WARN_UNDECLARED_SELECTOR = YES;
				GCC_WARN_UNINITIALIZED_AUTOS = YES_AGGRESSIVE;
				GCC_WARN_UNUSED_FUNCTION = YES;
				GCC_WARN_UNUSED_VARIABLE = YES;
				IPHONEOS_DEPLOYMENT_TARGET = 11.0;
				MTL_ENABLE_DEBUG_INFO = NO;
				SDKROOT = iphoneos;
				SWIFT_OPTIMIZATION_LEVEL = "-Owholemodule";
				VALIDATE_PRODUCT = YES;
			};
			name = Release;
		};
		1861EBF61FA7AF8200960DA8 /* Debug */ = {
			isa = XCBuildConfiguration;
			buildSettings = {
				ASSETCATALOG_COMPILER_APPICON_NAME = AppIcon;
				CODE_SIGN_STYLE = Automatic;
				DEVELOPMENT_TEAM = B336RKK32A;
				INFOPLIST_FILE = Ikea/Info.plist;
				LD_RUNPATH_SEARCH_PATHS = "$(inherited) @executable_path/Frameworks";
				PRODUCT_BUNDLE_IDENTIFIER = com.tewodroswondimu.Ikea;
				PRODUCT_NAME = "$(TARGET_NAME)";
				SWIFT_VERSION = 4.0;
				TARGETED_DEVICE_FAMILY = "1,2";
			};
			name = Debug;
		};
		1861EBF71FA7AF8200960DA8 /* Release */ = {
			isa = XCBuildConfiguration;
			buildSettings = {
				ASSETCATALOG_COMPILER_APPICON_NAME = AppIcon;
				CODE_SIGN_STYLE = Automatic;
				DEVELOPMENT_TEAM = B336RKK32A;
				INFOPLIST_FILE = Ikea/Info.plist;
				LD_RUNPATH_SEARCH_PATHS = "$(inherited) @executable_path/Frameworks";
				PRODUCT_BUNDLE_IDENTIFIER = com.tewodroswondimu.Ikea;
				PRODUCT_NAME = "$(TARGET_NAME)";
				SWIFT_VERSION = 4.0;
				TARGETED_DEVICE_FAMILY = "1,2";
			};
			name = Release;
		};
/* End XCBuildConfiguration section */

/* Begin XCConfigurationList section */
		1861EBDE1FA7AF8100960DA8 /* Build configuration list for PBXProject "Ikea" */ = {
			isa = XCConfigurationList;
			buildConfigurations = (
				1861EBF31FA7AF8200960DA8 /* Debug */,
				1861EBF41FA7AF8200960DA8 /* Release */,
			);
			defaultConfigurationIsVisible = 0;
			defaultConfigurationName = Release;
		};
		1861EBF51FA7AF8200960DA8 /* Build configuration list for PBXNativeTarget "Ikea" */ = {
			isa = XCConfigurationList;
			buildConfigurations = (
				1861EBF61FA7AF8200960DA8 /* Debug */,
				1861EBF71FA7AF8200960DA8 /* Release */,
			);
			defaultConfigurationIsVisible = 0;
			defaultConfigurationName = Release;
		};
/* End XCConfigurationList section */
	};
	rootObject = 1861EBDB1FA7AF8100960DA8 /* Project object */;
}
